# This file is generated by running "yarn install" inside your project.
# Manual changes might be lost - proceed with caution!

__metadata:
  version: 4
  cacheKey: 7

"@prisma/cli@npm:2.10.0-dev.11":
  version: 2.10.0-dev.11
  resolution: "@prisma/cli@npm:2.10.0-dev.11"
  bin:
    prisma: build/index.js
    prisma2: build/index.js
  checksum: d646c521ee5d8930ff9dfff3d19577dec7ee394579fe903c9aabfe7e373c7044f32a0b15259bc61c9f949ab996e536a52d4da5f8450073ec34762f6593fba1d8
  languageName: node
  linkType: hard

"js-test@workspace:.":
  version: 0.0.0-use.local
  resolution: "js-test@workspace:."
  dependencies:
    "@prisma/cli": 2.10.0-dev.11
  languageName: unknown
  linkType: soft
